
Microsoft Visual Studio Solution File, Format Version 12.00
# Visual Studio Version 17
VisualStudioVersion = 17.11.35327.3
MinimumVisualStudioVersion = 10.0.40219.1
Project("{FAE04EC0-301F-11D3-BF4B-00C04F79EFBC}") = "Filep_Rebeca_Lab2", "Filep_Rebeca_Lab2.csproj", "{7844395D-81D6-4DFA-B31E-BE590FE9E6DF}"
EndProject
Global
	GlobalSection(SolutionConfigurationPlatforms) = preSolution
		Debug|Any CPU = Debug|Any CPU
		Release|Any CPU = Release|Any CPU
	EndGlobalSection
	GlobalSection(ProjectConfigurationPlatforms) = postSolution
		{7844395D-81D6-4DFA-B31E-BE590FE9E6DF}.Debug|Any CPU.ActiveCfg = Debug|Any CPU
		{7844395D-81D6-4DFA-B31E-BE590FE9E6DF}.Debug|Any CPU.Build.0 = Debug|Any CPU
		{7844395D-81D6-4DFA-B31E-BE590FE9E6DF}.Release|Any CPU.ActiveCfg = Release|Any CPU
		{7844395D-81D6-4DFA-B31E-BE590FE9E6DF}.Release|Any CPU.Build.0 = Release|Any CPU
	EndGlobalSection
	GlobalSection(SolutionProperties) = preSolution
		HideSolutionNode = FALSE
	EndGlobalSection
	GlobalSection(ExtensibilityGlobals) = postSolution
		SolutionGuid = {185C5C32-5611-48A1-B52D-1A717F4C2FD1}
	EndGlobalSection
EndGlobal
